{
  "lockfileVersion": 1,
  "configVersion": 1,
  "workspaces": {
    "": {
      "name": "@omnidev-ai/capability-ralph",
      "dependencies": {
        "@omnidev-ai/core": "latest",
      },
    },
  },
  "packages": {
    "@omnidev-ai/core": ["@omnidev-ai/core@0.1.1", "", { "dependencies": { "@stricli/core": "^1.2.5", "smol-toml": "^1.6.0" } }, "sha512-W1c3cV1dQsxvlWNqJUeHgP5o56EHbwmB5SMW2a8RA0yx0HbVJhsaUevCN+puq+qGtt0rHrWJn1hIYsdVMfRFAg=="],

    "@stricli/core": ["@stricli/core@1.2.5", "", {}, "sha512-+afyztQW7fwWkqmU2WQZbdc3LjnZThWYdtE0l+hykZ1Rvy7YGxZSvsVCS/wZ/2BNv117pQ9TU1GZZRIcPnB4tw=="],

    "smol-toml": ["smol-toml@1.6.0", "", {}, "sha512-4zemZi0HvTnYwLfrpk/CF9LOd9Lt87kAt50GnqhMpyF9U3poDAP2+iukq2bZsO/ufegbYehBkqINbsWxj4l4cw=="],
  }
}
